
Microsoft Visual Studio Solution File, Format Version 12.00
# Visual Studio 14
VisualStudioVersion = 14.0.25420.1
MinimumVisualStudioVersion = 10.0.40219.1
Project("{9092AA53-FB77-4645-B42D-1CCCA6BD08BD}") = "NodejsApp1", "NodejsApp1.njsproj", "{03D12CDB-4D9F-4809-899C-44493FF4A71C}"
EndProject
Global
	GlobalSection(SolutionConfigurationPlatforms) = preSolution
		Debug|Any CPU = Debug|Any CPU
		Release|Any CPU = Release|Any CPU
	EndGlobalSection
	GlobalSection(ProjectConfigurationPlatforms) = postSolution
		{03D12CDB-4D9F-4809-899C-44493FF4A71C}.Debug|Any CPU.ActiveCfg = Debug|Any CPU
		{03D12CDB-4D9F-4809-899C-44493FF4A71C}.Debug|Any CPU.Build.0 = Debug|Any CPU
		{03D12CDB-4D9F-4809-899C-44493FF4A71C}.Release|Any CPU.ActiveCfg = Release|Any CPU
		{03D12CDB-4D9F-4809-899C-44493FF4A71C}.Release|Any CPU.Build.0 = Release|Any CPU
	EndGlobalSection
	GlobalSection(SolutionProperties) = preSolution
		HideSolutionNode = FALSE
	EndGlobalSection
	GlobalSection(CodealikeProperties) = postSolution
		SolutionGuid = d8c07df2-2d90-404f-a824-b280fcf6a559
	EndGlobalSection
EndGlobal
